
Microsoft Visual Studio Solution File, Format Version 12.00
# Visual Studio 14
VisualStudioVersion = 14.0.23107.0
MinimumVisualStudioVersion = 10.0.40219.1
Project("{FAE04EC0-301F-11D3-BF4B-00C04F79EFBC}") = "pruebaIOS1", "pruebaIOS1\pruebaIOS1.csproj", "{558C4014-CC38-41EB-A3CD-04C1154224DE}"
EndProject
Global
	GlobalSection(SolutionConfigurationPlatforms) = preSolution
		Ad-Hoc|iPhone = Ad-Hoc|iPhone
		Ad-Hoc|iPhoneSimulator = Ad-Hoc|iPhoneSimulator
		AppStore|iPhone = AppStore|iPhone
		AppStore|iPhoneSimulator = AppStore|iPhoneSimulator
		Debug|iPhone = Debug|iPhone
		Debug|iPhoneSimulator = Debug|iPhoneSimulator
		Release|iPhone = Release|iPhone
		Release|iPhoneSimulator = Release|iPhoneSimulator
	EndGlobalSection
	GlobalSection(ProjectConfigurationPlatforms) = postSolution
		{558C4014-CC38-41EB-A3CD-04C1154224DE}.Ad-Hoc|iPhone.ActiveCfg = Ad-Hoc|iPhone
		{558C4014-CC38-41EB-A3CD-04C1154224DE}.Ad-Hoc|iPhone.Build.0 = Ad-Hoc|iPhone
		{558C4014-CC38-41EB-A3CD-04C1154224DE}.Ad-Hoc|iPhoneSimulator.ActiveCfg = Ad-Hoc|iPhoneSimulator
		{558C4014-CC38-41EB-A3CD-04C1154224DE}.Ad-Hoc|iPhoneSimulator.Build.0 = Ad-Hoc|iPhoneSimulator
		{558C4014-CC38-41EB-A3CD-04C1154224DE}.AppStore|iPhone.ActiveCfg = AppStore|iPhone
		{558C4014-CC38-41EB-A3CD-04C1154224DE}.AppStore|iPhone.Build.0 = AppStore|iPhone
		{558C4014-CC38-41EB-A3CD-04C1154224DE}.AppStore|iPhoneSimulator.ActiveCfg = AppStore|iPhoneSimulator
		{558C4014-CC38-41EB-A3CD-04C1154224DE}.AppStore|iPhoneSimulator.Build.0 = AppStore|iPhoneSimulator
		{558C4014-CC38-41EB-A3CD-04C1154224DE}.Debug|iPhone.ActiveCfg = Debug|iPhone
		{558C4014-CC38-41EB-A3CD-04C1154224DE}.Debug|iPhone.Build.0 = Debug|iPhone
		{558C4014-CC38-41EB-A3CD-04C1154224DE}.Debug|iPhoneSimulator.ActiveCfg = Debug|iPhoneSimulator
		{558C4014-CC38-41EB-A3CD-04C1154224DE}.Debug|iPhoneSimulator.Build.0 = Debug|iPhoneSimulator
		{558C4014-CC38-41EB-A3CD-04C1154224DE}.Release|iPhone.ActiveCfg = Release|iPhone
		{558C4014-CC38-41EB-A3CD-04C1154224DE}.Release|iPhone.Build.0 = Release|iPhone
		{558C4014-CC38-41EB-A3CD-04C1154224DE}.Release|iPhoneSimulator.ActiveCfg = Release|iPhoneSimulator
		{558C4014-CC38-41EB-A3CD-04C1154224DE}.Release|iPhoneSimulator.Build.0 = Release|iPhoneSimulator
	EndGlobalSection
	GlobalSection(SolutionProperties) = preSolution
		HideSolutionNode = FALSE
	EndGlobalSection
EndGlobal
